// !$*UTF8*$!
{
	archiveVersion = 1;
	classes = {
	};
	objectVersion = 50;
	objects = {

/* Begin PBXBuildFile section */
		D60CA87E238634A000C0E882 /* Track.swift in Sources */ = {isa = PBXBuildFile; fileRef = D60CA87D238634A000C0E882 /* Track.swift */; };
		D6A331C22384E9B3005DA2C4 /* historyController.swift in Sources */ = {isa = PBXBuildFile; fileRef = D6A331C12384E9B3005DA2C4 /* historyController.swift */; };
		D6A331C42384EE64005DA2C4 /* sessionCell.swift in Sources */ = {isa = PBXBuildFile; fileRef = D6A331C32384EE64005DA2C4 /* sessionCell.swift */; };
		D6A331C62384F235005DA2C4 /* workoutSession.swift in Sources */ = {isa = PBXBuildFile; fileRef = D6A331C52384F235005DA2C4 /* workoutSession.swift */; };
		D6A8E3D22371CE7900A2A861 /* AppDelegate.swift in Sources */ = {isa = PBXBuildFile; fileRef = D6A8E3D12371CE7900A2A861 /* AppDelegate.swift */; };
		D6A8E3D42371CE7900A2A861 /* SceneDelegate.swift in Sources */ = {isa = PBXBuildFile; fileRef = D6A8E3D32371CE7900A2A861 /* SceneDelegate.swift */; };
		D6A8E3D62371CE7900A2A861 /* mapViewController.swift in Sources */ = {isa = PBXBuildFile; fileRef = D6A8E3D52371CE7900A2A861 /* mapViewController.swift */; };
		D6A8E3D92371CE7900A2A861 /* Main.storyboard in Resources */ = {isa = PBXBuildFile; fileRef = D6A8E3D72371CE7900A2A861 /* Main.storyboard */; };
		D6A8E3DB2371CE7A00A2A861 /* Assets.xcassets in Resources */ = {isa = PBXBuildFile; fileRef = D6A8E3DA2371CE7A00A2A861 /* Assets.xcassets */; };
		D6A8E3DE2371CE7A00A2A861 /* LaunchScreen.storyboard in Resources */ = {isa = PBXBuildFile; fileRef = D6A8E3DC2371CE7A00A2A861 /* LaunchScreen.storyboard */; };
		D6A8E3E92371CE7A00A2A861 /* fitBitTests.swift in Sources */ = {isa = PBXBuildFile; fileRef = D6A8E3E82371CE7A00A2A861 /* fitBitTests.swift */; };
		D6A8E3F42371CE7A00A2A861 /* fitBitUITests.swift in Sources */ = {isa = PBXBuildFile; fileRef = D6A8E3F32371CE7A00A2A861 /* fitBitUITests.swift */; };
		D6A8E4022371D56F00A2A861 /* workOutController.swift in Sources */ = {isa = PBXBuildFile; fileRef = D6A8E4012371D56F00A2A861 /* workOutController.swift */; };
		D6F2C6D92387217500B28ED8 /* HealthKit.framework in Frameworks */ = {isa = PBXBuildFile; fileRef = D6F2C6D82387217500B28ED8 /* HealthKit.framework */; };
		D6F2C6DB238732AF00B28ED8 /* HKCell.swift in Sources */ = {isa = PBXBuildFile; fileRef = D6F2C6DA238732AF00B28ED8 /* HKCell.swift */; };
		D6F2C6DD238737F700B28ED8 /* HealthKitSetupAssistant.swift in Sources */ = {isa = PBXBuildFile; fileRef = D6F2C6DC238737F700B28ED8 /* HealthKitSetupAssistant.swift */; };
		D6F2C6DF238754B700B28ED8 /* HKHistoryController.swift in Sources */ = {isa = PBXBuildFile; fileRef = D6F2C6DE238754B700B28ED8 /* HKHistoryController.swift */; };
		D6F2C6E1238762A300B28ED8 /* WorkoutDataStore.swift in Sources */ = {isa = PBXBuildFile; fileRef = D6F2C6E0238762A300B28ED8 /* WorkoutDataStore.swift */; };
/* End PBXBuildFile section */

/* Begin PBXContainerItemProxy section */
		D6A8E3E52371CE7A00A2A861 /* PBXContainerItemProxy */ = {
			isa = PBXContainerItemProxy;
			containerPortal = D6A8E3C62371CE7900A2A861 /* Project object */;
			proxyType = 1;
			remoteGlobalIDString = D6A8E3CD2371CE7900A2A861;
			remoteInfo = fitBit;
		};
		D6A8E3F02371CE7A00A2A861 /* PBXContainerItemProxy */ = {
			isa = PBXContainerItemProxy;
			containerPortal = D6A8E3C62371CE7900A2A861 /* Project object */;
			proxyType = 1;
			remoteGlobalIDString = D6A8E3CD2371CE7900A2A861;
			remoteInfo = fitBit;
		};
/* End PBXContainerItemProxy section */

/* Begin PBXFileReference section */
		D60CA87D238634A000C0E882 /* Track.swift */ = {isa = PBXFileReference; lastKnownFileType = sourcecode.swift; path = Track.swift; sourceTree = "<group>"; };
		D6A331C12384E9B3005DA2C4 /* historyController.swift */ = {isa = PBXFileReference; lastKnownFileType = sourcecode.swift; path = historyController.swift; sourceTree = "<group>"; };
		D6A331C32384EE64005DA2C4 /* sessionCell.swift */ = {isa = PBXFileReference; lastKnownFileType = sourcecode.swift; path = sessionCell.swift; sourceTree = "<group>"; };
		D6A331C52384F235005DA2C4 /* workoutSession.swift */ = {isa = PBXFileReference; lastKnownFileType = sourcecode.swift; path = workoutSession.swift; sourceTree = "<group>"; };
		D6A8E3CE2371CE7900A2A861 /* fitBit.app */ = {isa = PBXFileReference; explicitFileType = wrapper.application; includeInIndex = 0; path = fitBit.app; sourceTree = BUILT_PRODUCTS_DIR; };
		D6A8E3D12371CE7900A2A861 /* AppDelegate.swift */ = {isa = PBXFileReference; lastKnownFileType = sourcecode.swift; path = AppDelegate.swift; sourceTree = "<group>"; };
		D6A8E3D32371CE7900A2A861 /* SceneDelegate.swift */ = {isa = PBXFileReference; lastKnownFileType = sourcecode.swift; path = SceneDelegate.swift; sourceTree = "<group>"; };
		D6A8E3D52371CE7900A2A861 /* mapViewController.swift */ = {isa = PBXFileReference; lastKnownFileType = sourcecode.swift; path = mapViewController.swift; sourceTree = "<group>"; };
		D6A8E3D82371CE7900A2A861 /* Base */ = {isa = PBXFileReference; lastKnownFileType = file.storyboard; name = Base; path = Base.lproj/Main.storyboard; sourceTree = "<group>"; };
		D6A8E3DA2371CE7A00A2A861 /* Assets.xcassets */ = {isa = PBXFileReference; lastKnownFileType = folder.assetcatalog; path = Assets.xcassets; sourceTree = "<group>"; };
		D6A8E3DD2371CE7A00A2A861 /* Base */ = {isa = PBXFileReference; lastKnownFileType = file.storyboard; name = Base; path = Base.lproj/LaunchScreen.storyboard; sourceTree = "<group>"; };
		D6A8E3DF2371CE7A00A2A861 /* Info.plist */ = {isa = PBXFileReference; lastKnownFileType = text.plist.xml; path = Info.plist; sourceTree = "<group>"; };
		D6A8E3E42371CE7A00A2A861 /* fitBitTests.xctest */ = {isa = PBXFileReference; explicitFileType = wrapper.cfbundle; includeInIndex = 0; path = fitBitTests.xctest; sourceTree = BUILT_PRODUCTS_DIR; };
		D6A8E3E82371CE7A00A2A861 /* fitBitTests.swift */ = {isa = PBXFileReference; lastKnownFileType = sourcecode.swift; path = fitBitTests.swift; sourceTree = "<group>"; };
		D6A8E3EA2371CE7A00A2A861 /* Info.plist */ = {isa = PBXFileReference; lastKnownFileType = text.plist.xml; path = Info.plist; sourceTree = "<group>"; };
		D6A8E3EF2371CE7A00A2A861 /* fitBitUITests.xctest */ = {isa = PBXFileReference; explicitFileType = wrapper.cfbundle; includeInIndex = 0; path = fitBitUITests.xctest; sourceTree = BUILT_PRODUCTS_DIR; };
		D6A8E3F32371CE7A00A2A861 /* fitBitUITests.swift */ = {isa = PBXFileReference; lastKnownFileType = sourcecode.swift; path = fitBitUITests.swift; sourceTree = "<group>"; };
		D6A8E3F52371CE7A00A2A861 /* Info.plist */ = {isa = PBXFileReference; lastKnownFileType = text.plist.xml; path = Info.plist; sourceTree = "<group>"; };
		D6A8E4012371D56F00A2A861 /* workOutController.swift */ = {isa = PBXFileReference; lastKnownFileType = sourcecode.swift; path = workOutController.swift; sourceTree = "<group>"; };
		D6F2C6D62387217500B28ED8 /* fitBit.entitlements */ = {isa = PBXFileReference; lastKnownFileType = text.plist.entitlements; path = fitBit.entitlements; sourceTree = "<group>"; };
		D6F2C6D82387217500B28ED8 /* HealthKit.framework */ = {isa = PBXFileReference; lastKnownFileType = wrapper.framework; name = HealthKit.framework; path = System/Library/Frameworks/HealthKit.framework; sourceTree = SDKROOT; };
		D6F2C6DA238732AF00B28ED8 /* HKCell.swift */ = {isa = PBXFileReference; lastKnownFileType = sourcecode.swift; path = HKCell.swift; sourceTree = "<group>"; };
		D6F2C6DC238737F700B28ED8 /* HealthKitSetupAssistant.swift */ = {isa = PBXFileReference; lastKnownFileType = sourcecode.swift; path = HealthKitSetupAssistant.swift; sourceTree = "<group>"; };
		D6F2C6DE238754B700B28ED8 /* HKHistoryController.swift */ = {isa = PBXFileReference; lastKnownFileType = sourcecode.swift; path = HKHistoryController.swift; sourceTree = "<group>"; };
		D6F2C6E0238762A300B28ED8 /* WorkoutDataStore.swift */ = {isa = PBXFileReference; lastKnownFileType = sourcecode.swift; path = WorkoutDataStore.swift; sourceTree = "<group>"; };
/* End PBXFileReference section */

/* Begin PBXFrameworksBuildPhase section */
		D6A8E3CB2371CE7900A2A861 /* Frameworks */ = {
			isa = PBXFrameworksBuildPhase;
			buildActionMask = 2147483647;
			files = (
				D6F2C6D92387217500B28ED8 /* HealthKit.framework in Frameworks */,
			);
			runOnlyForDeploymentPostprocessing = 0;
		};
		D6A8E3E12371CE7A00A2A861 /* Frameworks */ = {
			isa = PBXFrameworksBuildPhase;
			buildActionMask = 2147483647;
			files = (
			);
			runOnlyForDeploymentPostprocessing = 0;
		};
		D6A8E3EC2371CE7A00A2A861 /* Frameworks */ = {
			isa = PBXFrameworksBuildPhase;
			buildActionMask = 2147483647;
			files = (
			);
			runOnlyForDeploymentPostprocessing = 0;
		};
/* End PBXFrameworksBuildPhase section */

/* Begin PBXGroup section */
		D6A8E3C52371CE7900A2A861 = {
			isa = PBXGroup;
			children = (
				D6A8E3D02371CE7900A2A861 /* fitBit */,
				D6A8E3E72371CE7A00A2A861 /* fitBitTests */,
				D6A8E3F22371CE7A00A2A861 /* fitBitUITests */,
				D6A8E3CF2371CE7900A2A861 /* Products */,
				D6F2C6D72387217500B28ED8 /* Frameworks */,
			);
			sourceTree = "<group>";
		};
		D6A8E3CF2371CE7900A2A861 /* Products */ = {
			isa = PBXGroup;
			children = (
				D6A8E3CE2371CE7900A2A861 /* fitBit.app */,
				D6A8E3E42371CE7A00A2A861 /* fitBitTests.xctest */,
				D6A8E3EF2371CE7A00A2A861 /* fitBitUITests.xctest */,
			);
			name = Products;
			sourceTree = "<group>";
		};
		D6A8E3D02371CE7900A2A861 /* fitBit */ = {
			isa = PBXGroup;
			children = (
				D6F2C6D62387217500B28ED8 /* fitBit.entitlements */,
				D6A8E3D12371CE7900A2A861 /* AppDelegate.swift */,
				D6A8E3D32371CE7900A2A861 /* SceneDelegate.swift */,
				D6A8E3D52371CE7900A2A861 /* mapViewController.swift */,
				D6A8E3D72371CE7900A2A861 /* Main.storyboard */,
				D6A8E3DA2371CE7A00A2A861 /* Assets.xcassets */,
				D6A8E3DC2371CE7A00A2A861 /* LaunchScreen.storyboard */,
				D6A8E3DF2371CE7A00A2A861 /* Info.plist */,
				D6A8E4012371D56F00A2A861 /* workOutController.swift */,
				D6A331C12384E9B3005DA2C4 /* historyController.swift */,
				D6A331C32384EE64005DA2C4 /* sessionCell.swift */,
				D6A331C52384F235005DA2C4 /* workoutSession.swift */,
				D60CA87D238634A000C0E882 /* Track.swift */,
				D6F2C6DA238732AF00B28ED8 /* HKCell.swift */,
				D6F2C6DC238737F700B28ED8 /* HealthKitSetupAssistant.swift */,
				D6F2C6DE238754B700B28ED8 /* HKHistoryController.swift */,
				D6F2C6E0238762A300B28ED8 /* WorkoutDataStore.swift */,
			);
			path = fitBit;
			sourceTree = "<group>";
		};
		D6A8E3E72371CE7A00A2A861 /* fitBitTests */ = {
			isa = PBXGroup;
			children = (
				D6A8E3E82371CE7A00A2A861 /* fitBitTests.swift */,
				D6A8E3EA2371CE7A00A2A861 /* Info.plist */,
			);
			path = fitBitTests;
			sourceTree = "<group>";
		};
		D6A8E3F22371CE7A00A2A861 /* fitBitUITests */ = {
			isa = PBXGroup;
			children = (
				D6A8E3F32371CE7A00A2A861 /* fitBitUITests.swift */,
				D6A8E3F52371CE7A00A2A861 /* Info.plist */,
			);
			path = fitBitUITests;
			sourceTree = "<group>";
		};
		D6F2C6D72387217500B28ED8 /* Frameworks */ = {
			isa = PBXGroup;
			children = (
				D6F2C6D82387217500B28ED8 /* HealthKit.framework */,
			);
			name = Frameworks;
			sourceTree = "<group>";
		};
/* End PBXGroup section */

/* Begin PBXNativeTarget section */
		D6A8E3CD2371CE7900A2A861 /* fitBit */ = {
			isa = PBXNativeTarget;
			buildConfigurationList = D6A8E3F82371CE7A00A2A861 /* Build configuration list for PBXNativeTarget "fitBit" */;
			buildPhases = (
				D6A8E3CA2371CE7900A2A861 /* Sources */,
				D6A8E3CB2371CE7900A2A861 /* Frameworks */,
				D6A8E3CC2371CE7900A2A861 /* Resources */,
			);
			buildRules = (
			);
			dependencies = (
			);
			name = fitBit;
			productName = fitBit;
			productReference = D6A8E3CE2371CE7900A2A861 /* fitBit.app */;
			productType = "com.apple.product-type.application";
		};
		D6A8E3E32371CE7A00A2A861 /* fitBitTests */ = {
			isa = PBXNativeTarget;
			buildConfigurationList = D6A8E3FB2371CE7A00A2A861 /* Build configuration list for PBXNativeTarget "fitBitTests" */;
			buildPhases = (
				D6A8E3E02371CE7A00A2A861 /* Sources */,
				D6A8E3E12371CE7A00A2A861 /* Frameworks */,
				D6A8E3E22371CE7A00A2A861 /* Resources */,
			);
			buildRules = (
			);
			dependencies = (
				D6A8E3E62371CE7A00A2A861 /* PBXTargetDependency */,
			);
			name = fitBitTests;
			productName = fitBitTests;
			productReference = D6A8E3E42371CE7A00A2A861 /* fitBitTests.xctest */;
			productType = "com.apple.product-type.bundle.unit-test";
		};
		D6A8E3EE2371CE7A00A2A861 /* fitBitUITests */ = {
			isa = PBXNativeTarget;
			buildConfigurationList = D6A8E3FE2371CE7A00A2A861 /* Build configuration list for PBXNativeTarget "fitBitUITests" */;
			buildPhases = (
				D6A8E3EB2371CE7A00A2A861 /* Sources */,
				D6A8E3EC2371CE7A00A2A861 /* Frameworks */,
				D6A8E3ED2371CE7A00A2A861 /* Resources */,
			);
			buildRules = (
			);
			dependencies = (
				D6A8E3F12371CE7A00A2A861 /* PBXTargetDependency */,
			);
			name = fitBitUITests;
			productName = fitBitUITests;
			productReference = D6A8E3EF2371CE7A00A2A861 /* fitBitUITests.xctest */;
			productType = "com.apple.product-type.bundle.ui-testing";
		};
/* End PBXNativeTarget section */

/* Begin PBXProject section */
		D6A8E3C62371CE7900A2A861 /* Project object */ = {
			isa = PBXProject;
			attributes = {
				LastSwiftUpdateCheck = 1110;
				LastUpgradeCheck = 1110;
				ORGANIZATIONNAME = kaizer;
				TargetAttributes = {
					D6A8E3CD2371CE7900A2A861 = {
						CreatedOnToolsVersion = 11.1;
					};
					D6A8E3E32371CE7A00A2A861 = {
						CreatedOnToolsVersion = 11.1;
						TestTargetID = D6A8E3CD2371CE7900A2A861;
					};
					D6A8E3EE2371CE7A00A2A861 = {
						CreatedOnToolsVersion = 11.1;
						TestTargetID = D6A8E3CD2371CE7900A2A861;
					};
				};
			};
			buildConfigurationList = D6A8E3C92371CE7900A2A861 /* Build configuration list for PBXProject "fitBit" */;
			compatibilityVersion = "Xcode 9.3";
			developmentRegion = en;
			hasScannedForEncodings = 0;
			knownRegions = (
				en,
				Base,
			);
			mainGroup = D6A8E3C52371CE7900A2A861;
			productRefGroup = D6A8E3CF2371CE7900A2A861 /* Products */;
			projectDirPath = "";
			projectRoot = "";
			targets = (
				D6A8E3CD2371CE7900A2A861 /* fitBit */,
				D6A8E3E32371CE7A00A2A861 /* fitBitTests */,
				D6A8E3EE2371CE7A00A2A861 /* fitBitUITests */,
			);
		};
/* End PBXProject section */

/* Begin PBXResourcesBuildPhase section */
		D6A8E3CC2371CE7900A2A861 /* Resources */ = {
			isa = PBXResourcesBuildPhase;
			buildActionMask = 2147483647;
			files = (
				D6A8E3DE2371CE7A00A2A861 /* LaunchScreen.storyboard in Resources */,
				D6A8E3DB2371CE7A00A2A861 /* Assets.xcassets in Resources */,
				D6A8E3D92371CE7900A2A861 /* Main.storyboard in Resources */,
			);
			runOnlyForDeploymentPostprocessing = 0;
		};
		D6A8E3E22371CE7A00A2A861 /* Resources */ = {
			isa = PBXResourcesBuildPhase;
			buildActionMask = 2147483647;
			files = (
			);
			runOnlyForDeploymentPostprocessing = 0;
		};
		D6A8E3ED2371CE7A00A2A861 /* Resources */ = {
			isa = PBXResourcesBuildPhase;
			buildActionMask = 2147483647;
			files = (
			);
			runOnlyForDeploymentPostprocessing = 0;
		};
/* End PBXResourcesBuildPhase section */

/* Begin PBXSourcesBuildPhase section */
		D6A8E3CA2371CE7900A2A861 /* Sources */ = {
			isa = PBXSourcesBuildPhase;
			buildActionMask = 2147483647;
			files = (
				D6F2C6DB238732AF00B28ED8 /* HKCell.swift in Sources */,
				D6A331C42384EE64005DA2C4 /* sessionCell.swift in Sources */,
				D6F2C6DF238754B700B28ED8 /* HKHistoryController.swift in Sources */,
				D6F2C6E1238762A300B28ED8 /* WorkoutDataStore.swift in Sources */,
				D6A8E3D62371CE7900A2A861 /* mapViewController.swift in Sources */,
				D6A8E4022371D56F00A2A861 /* workOutController.swift in Sources */,
				D60CA87E238634A000C0E882 /* Track.swift in Sources */,
				D6A8E3D22371CE7900A2A861 /* AppDelegate.swift in Sources */,
				D6A331C22384E9B3005DA2C4 /* historyController.swift in Sources */,
				D6A8E3D42371CE7900A2A861 /* SceneDelegate.swift in Sources */,
				D6A331C62384F235005DA2C4 /* workoutSession.swift in Sources */,
				D6F2C6DD238737F700B28ED8 /* HealthKitSetupAssistant.swift in Sources */,
			);
			runOnlyForDeploymentPostprocessing = 0;
		};
		D6A8E3E02371CE7A00A2A861 /* Sources */ = {
			isa = PBXSourcesBuildPhase;
			buildActionMask = 2147483647;
			files = (
				D6A8E3E92371CE7A00A2A861 /* fitBitTests.swift in Sources */,
			);
			runOnlyForDeploymentPostprocessing = 0;
		};
		D6A8E3EB2371CE7A00A2A861 /* Sources */ = {
			isa = PBXSourcesBuildPhase;
			buildActionMask = 2147483647;
			files = (
				D6A8E3F42371CE7A00A2A861 /* fitBitUITests.swift in Sources */,
			);
			runOnlyForDeploymentPostprocessing = 0;
		};
/* End PBXSourcesBuildPhase section */

/* Begin PBXTargetDependency section */
		D6A8E3E62371CE7A00A2A861 /* PBXTargetDependency */ = {
			isa = PBXTargetDependency;
			target = D6A8E3CD2371CE7900A2A861 /* fitBit */;
			targetProxy = D6A8E3E52371CE7A00A2A861 /* PBXContainerItemProxy */;
		};
		D6A8E3F12371CE7A00A2A861 /* PBXTargetDependency */ = {
			isa = PBXTargetDependency;
			target = D6A8E3CD2371CE7900A2A861 /* fitBit */;
			targetProxy = D6A8E3F02371CE7A00A2A861 /* PBXContainerItemProxy */;
		};
/* End PBXTargetDependency section */

/* Begin PBXVariantGroup section */
		D6A8E3D72371CE7900A2A861 /* Main.storyboard */ = {
			isa = PBXVariantGroup;
			children = (
				D6A8E3D82371CE7900A2A861 /* Base */,
			);
			name = Main.storyboard;
			sourceTree = "<group>";
		};
		D6A8E3DC2371CE7A00A2A861 /* LaunchScreen.storyboard */ = {
			isa = PBXVariantGroup;
			children = (
				D6A8E3DD2371CE7A00A2A861 /* Base */,
			);
			name = LaunchScreen.storyboard;
			sourceTree = "<group>";
		};
/* End PBXVariantGroup section */

/* Begin XCBuildConfiguration section */
		D6A8E3F62371CE7A00A2A861 /* Debug */ = {
			isa = XCBuildConfiguration;
			buildSettings = {
				ALWAYS_SEARCH_USER_PATHS = NO;
				CLANG_ANALYZER_NONNULL = YES;
				CLANG_ANALYZER_NUMBER_OBJECT_CONVERSION = YES_AGGRESSIVE;
				CLANG_CXX_LANGUAGE_STANDARD = "gnu++14";
				CLANG_CXX_LIBRARY = "libc++";
				CLANG_ENABLE_MODULES = YES;
				CLANG_ENABLE_OBJC_ARC = YES;
				CLANG_ENABLE_OBJC_WEAK = YES;
				CLANG_WARN_BLOCK_CAPTURE_AUTORELEASING = YES;
				CLANG_WARN_BOOL_CONVERSION = YES;
				CLANG_WARN_COMMA = YES;
				CLANG_WARN_CONSTANT_CONVERSION = YES;
				CLANG_WARN_DEPRECATED_OBJC_IMPLEMENTATIONS = YES;
				CLANG_WARN_DIRECT_OBJC_ISA_USAGE = YES_ERROR;
				CLANG_WARN_DOCUMENTATION_COMMENTS = YES;
				CLANG_WARN_EMPTY_BODY = YES;
				CLANG_WARN_ENUM_CONVERSION = YES;
				CLANG_WARN_INFINITE_RECURSION = YES;
				CLANG_WARN_INT_CONVERSION = YES;
				CLANG_WARN_NON_LITERAL_NULL_CONVERSION = YES;
				CLANG_WARN_OBJC_IMPLICIT_RETAIN_SELF = YES;
				CLANG_WARN_OBJC_LITERAL_CONVERSION = YES;
				CLANG_WARN_OBJC_ROOT_CLASS = YES_ERROR;
				CLANG_WARN_RANGE_LOOP_ANALYSIS = YES;
				CLANG_WARN_STRICT_PROTOTYPES = YES;
				CLANG_WARN_SUSPICIOUS_MOVE = YES;
				CLANG_WARN_UNGUARDED_AVAILABILITY = YES_AGGRESSIVE;
				CLANG_WARN_UNREACHABLE_CODE = YES;
				CLANG_WARN__DUPLICATE_METHOD_MATCH = YES;
				COPY_PHASE_STRIP = NO;
				DEBUG_INFORMATION_FORMAT = dwarf;
				ENABLE_STRICT_OBJC_MSGSEND = YES;
				ENABLE_TESTABILITY = YES;
				GCC_C_LANGUAGE_STANDARD = gnu11;
				GCC_DYNAMIC_NO_PIC = NO;
				GCC_NO_COMMON_BLOCKS = YES;
				GCC_OPTIMIZATION_LEVEL = 0;
				GCC_PREPROCESSOR_DEFINITIONS = (
					"DEBUG=1",
					"$(inherited)",
				);
				GCC_WARN_64_TO_32_BIT_CONVERSION = YES;
				GCC_WARN_ABOUT_RETURN_TYPE = YES_ERROR;
				GCC_WARN_UNDECLARED_SELECTOR = YES;
				GCC_WARN_UNINITIALIZED_AUTOS = YES_AGGRESSIVE;
				GCC_WARN_UNUSED_FUNCTION = YES;
				GCC_WARN_UNUSED_VARIABLE = YES;
				IPHONEOS_DEPLOYMENT_TARGET = 13.1;
				MTL_ENABLE_DEBUG_INFO = INCLUDE_SOURCE;
				MTL_FAST_MATH = YES;
				ONLY_ACTIVE_ARCH = YES;
				SDKROOT = iphoneos;
				SWIFT_ACTIVE_COMPILATION_CONDITIONS = DEBUG;
				SWIFT_OPTIMIZATION_LEVEL = "-Onone";
			};
			name = Debug;
		};
		D6A8E3F72371CE7A00A2A861 /* Release */ = {
			isa = XCBuildConfiguration;
			buildSettings = {
				ALWAYS_SEARCH_USER_PATHS = NO;
				CLANG_ANALYZER_NONNULL = YES;
				CLANG_ANALYZER_NUMBER_OBJECT_CONVERSION = YES_AGGRESSIVE;
				CLANG_CXX_LANGUAGE_STANDARD = "gnu++14";
				CLANG_CXX_LIBRARY = "libc++";
				CLANG_ENABLE_MODULES = YES;
				CLANG_ENABLE_OBJC_ARC = YES;
				CLANG_ENABLE_OBJC_WEAK = YES;
				CLANG_WARN_BLOCK_CAPTURE_AUTORELEASING = YES;
				CLANG_WARN_BOOL_CONVERSION = YES;
				CLANG_WARN_COMMA = YES;
				CLANG_WARN_CONSTANT_CONVERSION = YES;
				CLANG_WARN_DEPRECATED_OBJC_IMPLEMENTATIONS = YES;
				CLANG_WARN_DIRECT_OBJC_ISA_USAGE = YES_ERROR;
				CLANG_WARN_DOCUMENTATION_COMMENTS = YES;
				CLANG_WARN_EMPTY_BODY = YES;
				CLANG_WARN_ENUM_CONVERSION = YES;
				CLANG_WARN_INFINITE_RECURSION = YES;
				CLANG_WARN_INT_CONVERSION = YES;
				CLANG_WARN_NON_LITERAL_NULL_CONVERSION = YES;
				CLANG_WARN_OBJC_IMPLICIT_RETAIN_SELF = YES;
				CLANG_WARN_OBJC_LITERAL_CONVERSION = YES;
				CLANG_WARN_OBJC_ROOT_CLASS = YES_ERROR;
				CLANG_WARN_RANGE_LOOP_ANALYSIS = YES;
				CLANG_WARN_STRICT_PROTOTYPES = YES;
				CLANG_WARN_SUSPICIOUS_MOVE = YES;
				CLANG_WARN_UNGUARDED_AVAILABILITY = YES_AGGRESSIVE;
				CLANG_WARN_UNREACHABLE_CODE = YES;
				CLANG_WARN__DUPLICATE_METHOD_MATCH = YES;
				COPY_PHASE_STRIP = NO;
				DEBUG_INFORMATION_FORMAT = "dwarf-with-dsym";
				ENABLE_NS_ASSERTIONS = NO;
				ENABLE_STRICT_OBJC_MSGSEND = YES;
				GCC_C_LANGUAGE_STANDARD = gnu11;
				GCC_NO_COMMON_BLOCKS = YES;
				GCC_WARN_64_TO_32_BIT_CONVERSION = YES;
				GCC_WARN_ABOUT_RETURN_TYPE = YES_ERROR;
				GCC_WARN_UNDECLARED_SELECTOR = YES;
				GCC_WARN_UNINITIALIZED_AUTOS = YES_AGGRESSIVE;
				GCC_WARN_UNUSED_FUNCTION = YES;
				GCC_WARN_UNUSED_VARIABLE = YES;
				IPHONEOS_DEPLOYMENT_TARGET = 13.1;
				MTL_ENABLE_DEBUG_INFO = NO;
				MTL_FAST_MATH = YES;
				SDKROOT = iphoneos;
				SWIFT_COMPILATION_MODE = wholemodule;
				SWIFT_OPTIMIZATION_LEVEL = "-O";
				VALIDATE_PRODUCT = YES;
			};
			name = Release;
		};
		D6A8E3F92371CE7A00A2A861 /* Debug */ = {
			isa = XCBuildConfiguration;
			buildSettings = {
				ASSETCATALOG_COMPILER_APPICON_NAME = AppIcon;
				CODE_SIGN_ENTITLEMENTS = fitBit/fitBit.entitlements;
				CODE_SIGN_IDENTITY = "Apple Development";
				CODE_SIGN_STYLE = Automatic;
				DEVELOPMENT_TEAM = Y98YC4KD79;
				INFOPLIST_FILE = fitBit/Info.plist;
				LD_RUNPATH_SEARCH_PATHS = (
					"$(inherited)",
					"@executable_path/Frameworks",
				);
				PRODUCT_BUNDLE_IDENTIFIER = KWD.fitBit;
				PRODUCT_NAME = "$(TARGET_NAME)";
				PROVISIONING_PROFILE_SPECIFIER = "";
				SWIFT_VERSION = 5.0;
				TARGETED_DEVICE_FAMILY = "1,2";
			};
			name = Debug;
		};
		D6A8E3FA2371CE7A00A2A861 /* Release */ = {
			isa = XCBuildConfiguration;
			buildSettings = {
				ASSETCATALOG_COMPILER_APPICON_NAME = AppIcon;
				CODE_SIGN_ENTITLEMENTS = fitBit/fitBit.entitlements;
				CODE_SIGN_IDENTITY = "Apple Development";
				CODE_SIGN_STYLE = Automatic;
				DEVELOPMENT_TEAM = Y98YC4KD79;
				INFOPLIST_FILE = fitBit/Info.plist;
				LD_RUNPATH_SEARCH_PATHS = (
					"$(inherited)",
					"@executable_path/Frameworks",
				);
				PRODUCT_BUNDLE_IDENTIFIER = KWD.fitBit;
				PRODUCT_NAME = "$(TARGET_NAME)";
				PROVISIONING_PROFILE_SPECIFIER = "";
				SWIFT_VERSION = 5.0;
				TARGETED_DEVICE_FAMILY = "1,2";
			};
			name = Release;
		};
		D6A8E3FC2371CE7A00A2A861 /* Debug */ = {
			isa = XCBuildConfiguration;
			buildSettings = {
				ALWAYS_EMBED_SWIFT_STANDARD_LIBRARIES = YES;
				BUNDLE_LOADER = "$(TEST_HOST)";
				CODE_SIGN_STYLE = Automatic;
				DEVELOPMENT_TEAM = Y98YC4KD79;
				INFOPLIST_FILE = fitBitTests/Info.plist;
				IPHONEOS_DEPLOYMENT_TARGET = 13.1;
				LD_RUNPATH_SEARCH_PATHS = (
					"$(inherited)",
					"@executable_path/Frameworks",
					"@loader_path/Frameworks",
				);
				PRODUCT_BUNDLE_IDENTIFIER = KWD.fitBitTests;
				PRODUCT_NAME = "$(TARGET_NAME)";
				SWIFT_VERSION = 5.0;
				TARGETED_DEVICE_FAMILY = "1,2";
				TEST_HOST = "$(BUILT_PRODUCTS_DIR)/fitBit.app/fitBit";
			};
			name = Debug;
		};
		D6A8E3FD2371CE7A00A2A861 /* Release */ = {
			isa = XCBuildConfiguration;
			buildSettings = {
				ALWAYS_EMBED_SWIFT_STANDARD_LIBRARIES = YES;
				BUNDLE_LOADER = "$(TEST_HOST)";
				CODE_SIGN_STYLE = Automatic;
				DEVELOPMENT_TEAM = Y98YC4KD79;
				INFOPLIST_FILE = fitBitTests/Info.plist;
				IPHONEOS_DEPLOYMENT_TARGET = 13.1;
				LD_RUNPATH_SEARCH_PATHS = (
					"$(inherited)",
					"@executable_path/Frameworks",
					"@loader_path/Frameworks",
				);
				PRODUCT_BUNDLE_IDENTIFIER = KWD.fitBitTests;
				PRODUCT_NAME = "$(TARGET_NAME)";
				SWIFT_VERSION = 5.0;
				TARGETED_DEVICE_FAMILY = "1,2";
				TEST_HOST = "$(BUILT_PRODUCTS_DIR)/fitBit.app/fitBit";
			};
			name = Release;
		};
		D6A8E3FF2371CE7A00A2A861 /* Debug */ = {
			isa = XCBuildConfiguration;
			buildSettings = {
				ALWAYS_EMBED_SWIFT_STANDARD_LIBRARIES = YES;
				CODE_SIGN_STYLE = Automatic;
				DEVELOPMENT_TEAM = Y98YC4KD79;
				INFOPLIST_FILE = fitBitUITests/Info.plist;
				LD_RUNPATH_SEARCH_PATHS = (
					"$(inherited)",
					"@executable_path/Frameworks",
					"@loader_path/Frameworks",
				);
				PRODUCT_BUNDLE_IDENTIFIER = KWD.fitBitUITests;
				PRODUCT_NAME = "$(TARGET_NAME)";
				SWIFT_VERSION = 5.0;
				TARGETED_DEVICE_FAMILY = "1,2";
				TEST_TARGET_NAME = fitBit;
			};
			name = Debug;
		};
		D6A8E4002371CE7A00A2A861 /* Release */ = {
			isa = XCBuildConfiguration;
			buildSettings = {
				ALWAYS_EMBED_SWIFT_STANDARD_LIBRARIES = YES;
				CODE_SIGN_STYLE = Automatic;
				DEVELOPMENT_TEAM = Y98YC4KD79;
				INFOPLIST_FILE = fitBitUITests/Info.plist;
				LD_RUNPATH_SEARCH_PATHS = (
					"$(inherited)",
					"@executable_path/Frameworks",
					"@loader_path/Frameworks",
				);
				PRODUCT_BUNDLE_IDENTIFIER = KWD.fitBitUITests;
				PRODUCT_NAME = "$(TARGET_NAME)";
				SWIFT_VERSION = 5.0;
				TARGETED_DEVICE_FAMILY = "1,2";
				TEST_TARGET_NAME = fitBit;
			};
			name = Release;
		};
/* End XCBuildConfiguration section */

/* Begin XCConfigurationList section */
		D6A8E3C92371CE7900A2A861 /* Build configuration list for PBXProject "fitBit" */ = {
			isa = XCConfigurationList;
			buildConfigurations = (
				D6A8E3F62371CE7A00A2A861 /* Debug */,
				D6A8E3F72371CE7A00A2A861 /* Release */,
			);
			defaultConfigurationIsVisible = 0;
			defaultConfigurationName = Release;
		};
		D6A8E3F82371CE7A00A2A861 /* Build configuration list for PBXNativeTarget "fitBit" */ = {
			isa = XCConfigurationList;
			buildConfigurations = (
				D6A8E3F92371CE7A00A2A861 /* Debug */,
				D6A8E3FA2371CE7A00A2A861 /* Release */,
			);
			defaultConfigurationIsVisible = 0;
			defaultConfigurationName = Release;
		};
		D6A8E3FB2371CE7A00A2A861 /* Build configuration list for PBXNativeTarget "fitBitTests" */ = {
			isa = XCConfigurationList;
			buildConfigurations = (
				D6A8E3FC2371CE7A00A2A861 /* Debug */,
				D6A8E3FD2371CE7A00A2A861 /* Release */,
			);
			defaultConfigurationIsVisible = 0;
			defaultConfigurationName = Release;
		};
		D6A8E3FE2371CE7A00A2A861 /* Build configuration list for PBXNativeTarget "fitBitUITests" */ = {
			isa = XCConfigurationList;
			buildConfigurations = (
				D6A8E3FF2371CE7A00A2A861 /* Debug */,
				D6A8E4002371CE7A00A2A861 /* Release */,
			);
			defaultConfigurationIsVisible = 0;
			defaultConfigurationName = Release;
		};
/* End XCConfigurationList section */
	};
	rootObject = D6A8E3C62371CE7900A2A861 /* Project object */;
}
